
Microsoft Visual Studio Solution File, Format Version 12.00
# Visual Studio Version 17
VisualStudioVersion = 17.5.33530.505
MinimumVisualStudioVersion = 10.0.40219.1
Project("{FAE04EC0-301F-11D3-BF4B-00C04F79EFBC}") = "MonitorConsoleApp", "MontrorConsoleApp\MonitorConsoleApp.csproj", "{47F2435B-3174-4BEA-8B88-C6FB0CFBC35A}"
EndProject
Project("{FAE04EC0-301F-11D3-BF4B-00C04F79EFBC}") = "MonitorFormsApp", "MontrorWinformsApp\MonitorFormsApp.csproj", "{2ABDC793-5E0E-4C6F-808E-B00D876A747C}"
EndProject
Global
	GlobalSection(SolutionConfigurationPlatforms) = preSolution
		Debug|Any CPU = Debug|Any CPU
		Release|Any CPU = Release|Any CPU
	EndGlobalSection
	GlobalSection(ProjectConfigurationPlatforms) = postSolution
		{47F2435B-3174-4BEA-8B88-C6FB0CFBC35A}.Debug|Any CPU.ActiveCfg = Debug|Any CPU
		{47F2435B-3174-4BEA-8B88-C6FB0CFBC35A}.Debug|Any CPU.Build.0 = Debug|Any CPU
		{47F2435B-3174-4BEA-8B88-C6FB0CFBC35A}.Release|Any CPU.ActiveCfg = Release|Any CPU
		{47F2435B-3174-4BEA-8B88-C6FB0CFBC35A}.Release|Any CPU.Build.0 = Release|Any CPU
		{2ABDC793-5E0E-4C6F-808E-B00D876A747C}.Debug|Any CPU.ActiveCfg = Debug|Any CPU
		{2ABDC793-5E0E-4C6F-808E-B00D876A747C}.Debug|Any CPU.Build.0 = Debug|Any CPU
		{2ABDC793-5E0E-4C6F-808E-B00D876A747C}.Release|Any CPU.ActiveCfg = Release|Any CPU
		{2ABDC793-5E0E-4C6F-808E-B00D876A747C}.Release|Any CPU.Build.0 = Release|Any CPU
	EndGlobalSection
	GlobalSection(SolutionProperties) = preSolution
		HideSolutionNode = FALSE
	EndGlobalSection
	GlobalSection(ExtensibilityGlobals) = postSolution
		SolutionGuid = {3E44DE91-D6DA-4BD2-90CD-F9BC6EDE9121}
	EndGlobalSection
EndGlobal
